
Microsoft Visual Studio Solution File, Format Version 12.00
# Visual Studio Version 17
VisualStudioVersion = 17.0.31903.59
MinimumVisualStudioVersion = 10.0.40219.1
Project("{9A19103F-16F7-4668-BE54-9A1E7A4F7556}") = "SG_Blazor_App.Server", "SG_Blazor_App\Server\SG_Blazor_App.Server.csproj", "{4E5ADB49-72AF-4995-926D-32E5CE407BCB}"
EndProject
Project("{9A19103F-16F7-4668-BE54-9A1E7A4F7556}") = "SG_Blazor_App.Client", "SG_Blazor_App\Client\SG_Blazor_App.Client.csproj", "{C0CE0383-42A0-4607-9616-4EB13A3870E7}"
EndProject
Project("{9A19103F-16F7-4668-BE54-9A1E7A4F7556}") = "SG_Blazor_App.Shared", "SG_Blazor_App\Shared\SG_Blazor_App.Shared.csproj", "{71C3C75B-ADC9-4530-B727-B18184647280}"
EndProject
Project("{2150E333-8FDC-42A3-9474-1A3956D46DE8}") = "SQL", "SQL", "{A4749AC4-0729-442D-944C-9775C71384A2}"
	ProjectSection(SolutionItems) = preProject
		Atenciones.sql = Atenciones.sql
	EndProjectSection
EndProject
Global
	GlobalSection(SolutionConfigurationPlatforms) = preSolution
		Debug|Any CPU = Debug|Any CPU
		Release|Any CPU = Release|Any CPU
	EndGlobalSection
	GlobalSection(ProjectConfigurationPlatforms) = postSolution
		{4E5ADB49-72AF-4995-926D-32E5CE407BCB}.Debug|Any CPU.ActiveCfg = Debug|Any CPU
		{4E5ADB49-72AF-4995-926D-32E5CE407BCB}.Debug|Any CPU.Build.0 = Debug|Any CPU
		{4E5ADB49-72AF-4995-926D-32E5CE407BCB}.Release|Any CPU.ActiveCfg = Release|Any CPU
		{4E5ADB49-72AF-4995-926D-32E5CE407BCB}.Release|Any CPU.Build.0 = Release|Any CPU
		{C0CE0383-42A0-4607-9616-4EB13A3870E7}.Debug|Any CPU.ActiveCfg = Debug|Any CPU
		{C0CE0383-42A0-4607-9616-4EB13A3870E7}.Debug|Any CPU.Build.0 = Debug|Any CPU
		{C0CE0383-42A0-4607-9616-4EB13A3870E7}.Release|Any CPU.ActiveCfg = Release|Any CPU
		{C0CE0383-42A0-4607-9616-4EB13A3870E7}.Release|Any CPU.Build.0 = Release|Any CPU
		{71C3C75B-ADC9-4530-B727-B18184647280}.Debug|Any CPU.ActiveCfg = Debug|Any CPU
		{71C3C75B-ADC9-4530-B727-B18184647280}.Debug|Any CPU.Build.0 = Debug|Any CPU
		{71C3C75B-ADC9-4530-B727-B18184647280}.Release|Any CPU.ActiveCfg = Release|Any CPU
		{71C3C75B-ADC9-4530-B727-B18184647280}.Release|Any CPU.Build.0 = Release|Any CPU
	EndGlobalSection
	GlobalSection(SolutionProperties) = preSolution
		HideSolutionNode = FALSE
	EndGlobalSection
	GlobalSection(ExtensibilityGlobals) = postSolution
		SolutionGuid = {586C38DA-6211-41EA-AE76-3DC70FD4FD2D}
	EndGlobalSection
EndGlobal
